
Microsoft Visual Studio Solution File, Format Version 12.00
# Visual Studio Version 17
VisualStudioVersion = 17.12.35209.166
MinimumVisualStudioVersion = 10.0.40219.1
Project("{FAE04EC0-301F-11D3-BF4B-00C04F79EFBC}") = "Parzysta-nieparzysta", "Parzysta-nieparzysta.csproj", "{0C1CDFF8-C514-4498-AC2E-61D43EC8244A}"
EndProject
Global
	GlobalSection(SolutionConfigurationPlatforms) = preSolution
		Debug|Any CPU = Debug|Any CPU
		Release|Any CPU = Release|Any CPU
	EndGlobalSection
	GlobalSection(ProjectConfigurationPlatforms) = postSolution
		{0C1CDFF8-C514-4498-AC2E-61D43EC8244A}.Debug|Any CPU.ActiveCfg = Debug|Any CPU
		{0C1CDFF8-C514-4498-AC2E-61D43EC8244A}.Debug|Any CPU.Build.0 = Debug|Any CPU
		{0C1CDFF8-C514-4498-AC2E-61D43EC8244A}.Release|Any CPU.ActiveCfg = Release|Any CPU
		{0C1CDFF8-C514-4498-AC2E-61D43EC8244A}.Release|Any CPU.Build.0 = Release|Any CPU
	EndGlobalSection
	GlobalSection(SolutionProperties) = preSolution
		HideSolutionNode = FALSE
	EndGlobalSection
	GlobalSection(ExtensibilityGlobals) = postSolution
		SolutionGuid = {0757B951-047F-4071-94E3-337A5869E52A}
	EndGlobalSection
EndGlobal
